// !$*UTF8*$!
{
	archiveVersion = 1;
	classes = {
	};
	objectVersion = 56;
	objects = {

/* Begin PBXBuildFile section */
		FA60C9DD2989C914007866C0 /* AllNoteApp.swift in Sources */ = {isa = PBXBuildFile; fileRef = FA60C9DC2989C914007866C0 /* AllNoteApp.swift */; };
		FA60C9DF2989C914007866C0 /* ContentView.swift in Sources */ = {isa = PBXBuildFile; fileRef = FA60C9DE2989C914007866C0 /* ContentView.swift */; };
		FA60C9E12989C915007866C0 /* Assets.xcassets in Resources */ = {isa = PBXBuildFile; fileRef = FA60C9E02989C915007866C0 /* Assets.xcassets */; };
		FA60C9E42989C915007866C0 /* Preview Assets.xcassets in Resources */ = {isa = PBXBuildFile; fileRef = FA60C9E32989C915007866C0 /* Preview Assets.xcassets */; };
		FA60CA0A2989CC65007866C0 /* NoteBookMainView.swift in Sources */ = {isa = PBXBuildFile; fileRef = FA60CA092989CC65007866C0 /* NoteBookMainView.swift */; };
		FA60CA102989D14A007866C0 /* NoteCellView.swift in Sources */ = {isa = PBXBuildFile; fileRef = FA60CA0F2989D14A007866C0 /* NoteCellView.swift */; };
		FA60CA132989D2C5007866C0 /* SQLite in Frameworks */ = {isa = PBXBuildFile; productRef = FA60CA122989D2C5007866C0 /* SQLite */; };
		FA60CA162989D32B007866C0 /* DB_Manager.swift in Sources */ = {isa = PBXBuildFile; fileRef = FA60CA152989D32B007866C0 /* DB_Manager.swift */; };
		FA60CA182989DDD0007866C0 /* UserModel.swift in Sources */ = {isa = PBXBuildFile; fileRef = FA60CA172989DDD0007866C0 /* UserModel.swift */; };
		FA60CA1A298BEF09007866C0 /* UsersView.swift in Sources */ = {isa = PBXBuildFile; fileRef = FA60CA19298BEF09007866C0 /* UsersView.swift */; };
/* End PBXBuildFile section */

/* Begin PBXContainerItemProxy section */
		FA60C9EA2989C915007866C0 /* PBXContainerItemProxy */ = {
			isa = PBXContainerItemProxy;
			containerPortal = FA60C9D12989C914007866C0 /* Project object */;
			proxyType = 1;
			remoteGlobalIDString = FA60C9D82989C914007866C0;
			remoteInfo = AllNote;
		};
		FA60C9F42989C915007866C0 /* PBXContainerItemProxy */ = {
			isa = PBXContainerItemProxy;
			containerPortal = FA60C9D12989C914007866C0 /* Project object */;
			proxyType = 1;
			remoteGlobalIDString = FA60C9D82989C914007866C0;
			remoteInfo = AllNote;
		};
/* End PBXContainerItemProxy section */

/* Begin PBXFileReference section */
		FA60C9D92989C914007866C0 /* AllNote.app */ = {isa = PBXFileReference; explicitFileType = wrapper.application; includeInIndex = 0; path = AllNote.app; sourceTree = BUILT_PRODUCTS_DIR; };
		FA60C9DC2989C914007866C0 /* AllNoteApp.swift */ = {isa = PBXFileReference; lastKnownFileType = sourcecode.swift; path = AllNoteApp.swift; sourceTree = "<group>"; };
		FA60C9DE2989C914007866C0 /* ContentView.swift */ = {isa = PBXFileReference; lastKnownFileType = sourcecode.swift; path = ContentView.swift; sourceTree = "<group>"; };
		FA60C9E02989C915007866C0 /* Assets.xcassets */ = {isa = PBXFileReference; lastKnownFileType = folder.assetcatalog; path = Assets.xcassets; sourceTree = "<group>"; };
		FA60C9E32989C915007866C0 /* Preview Assets.xcassets */ = {isa = PBXFileReference; lastKnownFileType = folder.assetcatalog; path = "Preview Assets.xcassets"; sourceTree = "<group>"; };
		FA60C9E92989C915007866C0 /* AllNoteTests.xctest */ = {isa = PBXFileReference; explicitFileType = wrapper.cfbundle; includeInIndex = 0; path = AllNoteTests.xctest; sourceTree = BUILT_PRODUCTS_DIR; };
		FA60C9F32989C915007866C0 /* AllNoteUITests.xctest */ = {isa = PBXFileReference; explicitFileType = wrapper.cfbundle; includeInIndex = 0; path = AllNoteUITests.xctest; sourceTree = BUILT_PRODUCTS_DIR; };
		FA60CA092989CC65007866C0 /* NoteBookMainView.swift */ = {isa = PBXFileReference; lastKnownFileType = sourcecode.swift; path = NoteBookMainView.swift; sourceTree = "<group>"; };
		FA60CA0F2989D14A007866C0 /* NoteCellView.swift */ = {isa = PBXFileReference; lastKnownFileType = sourcecode.swift; path = NoteCellView.swift; sourceTree = "<group>"; };
		FA60CA152989D32B007866C0 /* DB_Manager.swift */ = {isa = PBXFileReference; lastKnownFileType = sourcecode.swift; path = DB_Manager.swift; sourceTree = "<group>"; };
		FA60CA172989DDD0007866C0 /* UserModel.swift */ = {isa = PBXFileReference; lastKnownFileType = sourcecode.swift; path = UserModel.swift; sourceTree = "<group>"; };
		FA60CA19298BEF09007866C0 /* UsersView.swift */ = {isa = PBXFileReference; lastKnownFileType = sourcecode.swift; path = UsersView.swift; sourceTree = "<group>"; };
/* End PBXFileReference section */

/* Begin PBXFrameworksBuildPhase section */
		FA60C9D62989C914007866C0 /* Frameworks */ = {
			isa = PBXFrameworksBuildPhase;
			buildActionMask = 2147483647;
			files = (
				FA60CA132989D2C5007866C0 /* SQLite in Frameworks */,
			);
			runOnlyForDeploymentPostprocessing = 0;
		};
		FA60C9E62989C915007866C0 /* Frameworks */ = {
			isa = PBXFrameworksBuildPhase;
			buildActionMask = 2147483647;
			files = (
			);
			runOnlyForDeploymentPostprocessing = 0;
		};
		FA60C9F02989C915007866C0 /* Frameworks */ = {
			isa = PBXFrameworksBuildPhase;
			buildActionMask = 2147483647;
			files = (
			);
			runOnlyForDeploymentPostprocessing = 0;
		};
/* End PBXFrameworksBuildPhase section */

/* Begin PBXGroup section */
		FA60C9D02989C914007866C0 = {
			isa = PBXGroup;
			children = (
				FA60C9DB2989C914007866C0 /* AllNote */,
				FA60C9DA2989C914007866C0 /* Products */,
			);
			sourceTree = "<group>";
		};
		FA60C9DA2989C914007866C0 /* Products */ = {
			isa = PBXGroup;
			children = (
				FA60C9D92989C914007866C0 /* AllNote.app */,
				FA60C9E92989C915007866C0 /* AllNoteTests.xctest */,
				FA60C9F32989C915007866C0 /* AllNoteUITests.xctest */,
			);
			name = Products;
			sourceTree = "<group>";
		};
		FA60C9DB2989C914007866C0 /* AllNote */ = {
			isa = PBXGroup;
			children = (
				FA60CA142989D319007866C0 /* Controllers */,
				FA60CA082989CC4F007866C0 /* Components */,
				FA60CA072989CC42007866C0 /* ViewModels */,
				FA60CA062989CC3D007866C0 /* Views */,
				FA60C9DC2989C914007866C0 /* AllNoteApp.swift */,
				FA60C9DE2989C914007866C0 /* ContentView.swift */,
				FA60C9E02989C915007866C0 /* Assets.xcassets */,
				FA60C9E22989C915007866C0 /* Preview Content */,
				FA60CA19298BEF09007866C0 /* UsersView.swift */,
			);
			path = AllNote;
			sourceTree = "<group>";
		};
		FA60C9E22989C915007866C0 /* Preview Content */ = {
			isa = PBXGroup;
			children = (
				FA60C9E32989C915007866C0 /* Preview Assets.xcassets */,
			);
			path = "Preview Content";
			sourceTree = "<group>";
		};
		FA60CA062989CC3D007866C0 /* Views */ = {
			isa = PBXGroup;
			children = (
				FA60CA0E2989CC88007866C0 /* Calender */,
				FA60CA0D2989CC80007866C0 /* Profile */,
				FA60CA0C2989CC7A007866C0 /* Reminders */,
				FA60CA0B2989CC69007866C0 /* NoteBook */,
			);
			path = Views;
			sourceTree = "<group>";
		};
		FA60CA072989CC42007866C0 /* ViewModels */ = {
			isa = PBXGroup;
			children = (
			);
			name = ViewModels;
			sourceTree = "<group>";
		};
		FA60CA082989CC4F007866C0 /* Components */ = {
			isa = PBXGroup;
			children = (
			);
			path = Components;
			sourceTree = "<group>";
		};
		FA60CA0B2989CC69007866C0 /* NoteBook */ = {
			isa = PBXGroup;
			children = (
				FA60CA092989CC65007866C0 /* NoteBookMainView.swift */,
				FA60CA0F2989D14A007866C0 /* NoteCellView.swift */,
			);
			path = NoteBook;
			sourceTree = "<group>";
		};
		FA60CA0C2989CC7A007866C0 /* Reminders */ = {
			isa = PBXGroup;
			children = (
			);
			path = Reminders;
			sourceTree = "<group>";
		};
		FA60CA0D2989CC80007866C0 /* Profile */ = {
			isa = PBXGroup;
			children = (
			);
			path = Profile;
			sourceTree = "<group>";
		};
		FA60CA0E2989CC88007866C0 /* Calender */ = {
			isa = PBXGroup;
			children = (
			);
			path = Calender;
			sourceTree = "<group>";
		};
		FA60CA142989D319007866C0 /* Controllers */ = {
			isa = PBXGroup;
			children = (
				FA60CA152989D32B007866C0 /* DB_Manager.swift */,
				FA60CA172989DDD0007866C0 /* UserModel.swift */,
			);
			path = Controllers;
			sourceTree = "<group>";
		};
/* End PBXGroup section */

/* Begin PBXNativeTarget section */
		FA60C9D82989C914007866C0 /* AllNote */ = {
			isa = PBXNativeTarget;
			buildConfigurationList = FA60C9FD2989C915007866C0 /* Build configuration list for PBXNativeTarget "AllNote" */;
			buildPhases = (
				FA60C9D52989C914007866C0 /* Sources */,
				FA60C9D62989C914007866C0 /* Frameworks */,
				FA60C9D72989C914007866C0 /* Resources */,
			);
			buildRules = (
			);
			dependencies = (
			);
			name = AllNote;
			packageProductDependencies = (
				FA60CA122989D2C5007866C0 /* SQLite */,
			);
			productName = AllNote;
			productReference = FA60C9D92989C914007866C0 /* AllNote.app */;
			productType = "com.apple.product-type.application";
		};
		FA60C9E82989C915007866C0 /* AllNoteTests */ = {
			isa = PBXNativeTarget;
			buildConfigurationList = FA60CA002989C915007866C0 /* Build configuration list for PBXNativeTarget "AllNoteTests" */;
			buildPhases = (
				FA60C9E52989C915007866C0 /* Sources */,
				FA60C9E62989C915007866C0 /* Frameworks */,
				FA60C9E72989C915007866C0 /* Resources */,
			);
			buildRules = (
			);
			dependencies = (
				FA60C9EB2989C915007866C0 /* PBXTargetDependency */,
			);
			name = AllNoteTests;
			productName = AllNoteTests;
			productReference = FA60C9E92989C915007866C0 /* AllNoteTests.xctest */;
			productType = "com.apple.product-type.bundle.unit-test";
		};
		FA60C9F22989C915007866C0 /* AllNoteUITests */ = {
			isa = PBXNativeTarget;
			buildConfigurationList = FA60CA032989C915007866C0 /* Build configuration list for PBXNativeTarget "AllNoteUITests" */;
			buildPhases = (
				FA60C9EF2989C915007866C0 /* Sources */,
				FA60C9F02989C915007866C0 /* Frameworks */,
				FA60C9F12989C915007866C0 /* Resources */,
			);
			buildRules = (
			);
			dependencies = (
				FA60C9F52989C915007866C0 /* PBXTargetDependency */,
			);
			name = AllNoteUITests;
			productName = AllNoteUITests;
			productReference = FA60C9F32989C915007866C0 /* AllNoteUITests.xctest */;
			productType = "com.apple.product-type.bundle.ui-testing";
		};
/* End PBXNativeTarget section */

/* Begin PBXProject section */
		FA60C9D12989C914007866C0 /* Project object */ = {
			isa = PBXProject;
			attributes = {
				BuildIndependentTargetsInParallel = 1;
				LastSwiftUpdateCheck = 1410;
				LastUpgradeCheck = 1410;
				TargetAttributes = {
					FA60C9D82989C914007866C0 = {
						CreatedOnToolsVersion = 14.1;
					};
					FA60C9E82989C915007866C0 = {
						CreatedOnToolsVersion = 14.1;
						TestTargetID = FA60C9D82989C914007866C0;
					};
					FA60C9F22989C915007866C0 = {
						CreatedOnToolsVersion = 14.1;
						TestTargetID = FA60C9D82989C914007866C0;
					};
				};
			};
			buildConfigurationList = FA60C9D42989C914007866C0 /* Build configuration list for PBXProject "AllNote" */;
			compatibilityVersion = "Xcode 14.0";
			developmentRegion = en;
			hasScannedForEncodings = 0;
			knownRegions = (
				en,
				Base,
			);
			mainGroup = FA60C9D02989C914007866C0;
			packageReferences = (
				FA60CA112989D2C5007866C0 /* XCRemoteSwiftPackageReference "SQLite.swift" */,
			);
			productRefGroup = FA60C9DA2989C914007866C0 /* Products */;
			projectDirPath = "";
			projectRoot = "";
			targets = (
				FA60C9D82989C914007866C0 /* AllNote */,
				FA60C9E82989C915007866C0 /* AllNoteTests */,
				FA60C9F22989C915007866C0 /* AllNoteUITests */,
			);
		};
/* End PBXProject section */

/* Begin PBXResourcesBuildPhase section */
		FA60C9D72989C914007866C0 /* Resources */ = {
			isa = PBXResourcesBuildPhase;
			buildActionMask = 2147483647;
			files = (
				FA60C9E42989C915007866C0 /* Preview Assets.xcassets in Resources */,
				FA60C9E12989C915007866C0 /* Assets.xcassets in Resources */,
			);
			runOnlyForDeploymentPostprocessing = 0;
		};
		FA60C9E72989C915007866C0 /* Resources */ = {
			isa = PBXResourcesBuildPhase;
			buildActionMask = 2147483647;
			files = (
			);
			runOnlyForDeploymentPostprocessing = 0;
		};
		FA60C9F12989C915007866C0 /* Resources */ = {
			isa = PBXResourcesBuildPhase;
			buildActionMask = 2147483647;
			files = (
			);
			runOnlyForDeploymentPostprocessing = 0;
		};
/* End PBXResourcesBuildPhase section */

/* Begin PBXSourcesBuildPhase section */
		FA60C9D52989C914007866C0 /* Sources */ = {
			isa = PBXSourcesBuildPhase;
			buildActionMask = 2147483647;
			files = (
				FA60CA0A2989CC65007866C0 /* NoteBookMainView.swift in Sources */,
				FA60CA162989D32B007866C0 /* DB_Manager.swift in Sources */,
				FA60C9DF2989C914007866C0 /* ContentView.swift in Sources */,
				FA60CA102989D14A007866C0 /* NoteCellView.swift in Sources */,
				FA60CA182989DDD0007866C0 /* UserModel.swift in Sources */,
				FA60CA1A298BEF09007866C0 /* UsersView.swift in Sources */,
				FA60C9DD2989C914007866C0 /* AllNoteApp.swift in Sources */,
			);
			runOnlyForDeploymentPostprocessing = 0;
		};
		FA60C9E52989C915007866C0 /* Sources */ = {
			isa = PBXSourcesBuildPhase;
			buildActionMask = 2147483647;
			files = (
			);
			runOnlyForDeploymentPostprocessing = 0;
		};
		FA60C9EF2989C915007866C0 /* Sources */ = {
			isa = PBXSourcesBuildPhase;
			buildActionMask = 2147483647;
			files = (
			);
			runOnlyForDeploymentPostprocessing = 0;
		};
/* End PBXSourcesBuildPhase section */

/* Begin PBXTargetDependency section */
		FA60C9EB2989C915007866C0 /* PBXTargetDependency */ = {
			isa = PBXTargetDependency;
			target = FA60C9D82989C914007866C0 /* AllNote */;
			targetProxy = FA60C9EA2989C915007866C0 /* PBXContainerItemProxy */;
		};
		FA60C9F52989C915007866C0 /* PBXTargetDependency */ = {
			isa = PBXTargetDependency;
			target = FA60C9D82989C914007866C0 /* AllNote */;
			targetProxy = FA60C9F42989C915007866C0 /* PBXContainerItemProxy */;
		};
/* End PBXTargetDependency section */

/* Begin XCBuildConfiguration section */
		FA60C9FB2989C915007866C0 /* Debug */ = {
			isa = XCBuildConfiguration;
			buildSettings = {
				ALWAYS_SEARCH_USER_PATHS = NO;
				CLANG_ANALYZER_NONNULL = YES;
				CLANG_ANALYZER_NUMBER_OBJECT_CONVERSION = YES_AGGRESSIVE;
				CLANG_CXX_LANGUAGE_STANDARD = "gnu++20";
				CLANG_ENABLE_MODULES = YES;
				CLANG_ENABLE_OBJC_ARC = YES;
				CLANG_ENABLE_OBJC_WEAK = YES;
				CLANG_WARN_BLOCK_CAPTURE_AUTORELEASING = YES;
				CLANG_WARN_BOOL_CONVERSION = YES;
				CLANG_WARN_COMMA = YES;
				CLANG_WARN_CONSTANT_CONVERSION = YES;
				CLANG_WARN_DEPRECATED_OBJC_IMPLEMENTATIONS = YES;
				CLANG_WARN_DIRECT_OBJC_ISA_USAGE = YES_ERROR;
				CLANG_WARN_DOCUMENTATION_COMMENTS = YES;
				CLANG_WARN_EMPTY_BODY = YES;
				CLANG_WARN_ENUM_CONVERSION = YES;
				CLANG_WARN_INFINITE_RECURSION = YES;
				CLANG_WARN_INT_CONVERSION = YES;
				CLANG_WARN_NON_LITERAL_NULL_CONVERSION = YES;
				CLANG_WARN_OBJC_IMPLICIT_RETAIN_SELF = YES;
				CLANG_WARN_OBJC_LITERAL_CONVERSION = YES;
				CLANG_WARN_OBJC_ROOT_CLASS = YES_ERROR;
				CLANG_WARN_QUOTED_INCLUDE_IN_FRAMEWORK_HEADER = YES;
				CLANG_WARN_RANGE_LOOP_ANALYSIS = YES;
				CLANG_WARN_STRICT_PROTOTYPES = YES;
				CLANG_WARN_SUSPICIOUS_MOVE = YES;
				CLANG_WARN_UNGUARDED_AVAILABILITY = YES_AGGRESSIVE;
				CLANG_WARN_UNREACHABLE_CODE = YES;
				CLANG_WARN__DUPLICATE_METHOD_MATCH = YES;
				COPY_PHASE_STRIP = NO;
				DEBUG_INFORMATION_FORMAT = dwarf;
				ENABLE_STRICT_OBJC_MSGSEND = YES;
				ENABLE_TESTABILITY = YES;
				GCC_C_LANGUAGE_STANDARD = gnu11;
				GCC_DYNAMIC_NO_PIC = NO;
				GCC_NO_COMMON_BLOCKS = YES;
				GCC_OPTIMIZATION_LEVEL = 0;
				GCC_PREPROCESSOR_DEFINITIONS = (
					"DEBUG=1",
					"$(inherited)",
				);
				GCC_WARN_64_TO_32_BIT_CONVERSION = YES;
				GCC_WARN_ABOUT_RETURN_TYPE = YES_ERROR;
				GCC_WARN_UNDECLARED_SELECTOR = YES;
				GCC_WARN_UNINITIALIZED_AUTOS = YES_AGGRESSIVE;
				GCC_WARN_UNUSED_FUNCTION = YES;
				GCC_WARN_UNUSED_VARIABLE = YES;
				IPHONEOS_DEPLOYMENT_TARGET = 16.1;
				MTL_ENABLE_DEBUG_INFO = INCLUDE_SOURCE;
				MTL_FAST_MATH = YES;
				ONLY_ACTIVE_ARCH = YES;
				SDKROOT = iphoneos;
				SWIFT_ACTIVE_COMPILATION_CONDITIONS = DEBUG;
				SWIFT_OPTIMIZATION_LEVEL = "-Onone";
			};
			name = Debug;
		};
		FA60C9FC2989C915007866C0 /* Release */ = {
			isa = XCBuildConfiguration;
			buildSettings = {
				ALWAYS_SEARCH_USER_PATHS = NO;
				CLANG_ANALYZER_NONNULL = YES;
				CLANG_ANALYZER_NUMBER_OBJECT_CONVERSION = YES_AGGRESSIVE;
				CLANG_CXX_LANGUAGE_STANDARD = "gnu++20";
				CLANG_ENABLE_MODULES = YES;
				CLANG_ENABLE_OBJC_ARC = YES;
				CLANG_ENABLE_OBJC_WEAK = YES;
				CLANG_WARN_BLOCK_CAPTURE_AUTORELEASING = YES;
				CLANG_WARN_BOOL_CONVERSION = YES;
				CLANG_WARN_COMMA = YES;
				CLANG_WARN_CONSTANT_CONVERSION = YES;
				CLANG_WARN_DEPRECATED_OBJC_IMPLEMENTATIONS = YES;
				CLANG_WARN_DIRECT_OBJC_ISA_USAGE = YES_ERROR;
				CLANG_WARN_DOCUMENTATION_COMMENTS = YES;
				CLANG_WARN_EMPTY_BODY = YES;
				CLANG_WARN_ENUM_CONVERSION = YES;
				CLANG_WARN_INFINITE_RECURSION = YES;
				CLANG_WARN_INT_CONVERSION = YES;
				CLANG_WARN_NON_LITERAL_NULL_CONVERSION = YES;
				CLANG_WARN_OBJC_IMPLICIT_RETAIN_SELF = YES;
				CLANG_WARN_OBJC_LITERAL_CONVERSION = YES;
				CLANG_WARN_OBJC_ROOT_CLASS = YES_ERROR;
				CLANG_WARN_QUOTED_INCLUDE_IN_FRAMEWORK_HEADER = YES;
				CLANG_WARN_RANGE_LOOP_ANALYSIS = YES;
				CLANG_WARN_STRICT_PROTOTYPES = YES;
				CLANG_WARN_SUSPICIOUS_MOVE = YES;
				CLANG_WARN_UNGUARDED_AVAILABILITY = YES_AGGRESSIVE;
				CLANG_WARN_UNREACHABLE_CODE = YES;
				CLANG_WARN__DUPLICATE_METHOD_MATCH = YES;
				COPY_PHASE_STRIP = NO;
				DEBUG_INFORMATION_FORMAT = "dwarf-with-dsym";
				ENABLE_NS_ASSERTIONS = NO;
				ENABLE_STRICT_OBJC_MSGSEND = YES;
				GCC_C_LANGUAGE_STANDARD = gnu11;
				GCC_NO_COMMON_BLOCKS = YES;
				GCC_WARN_64_TO_32_BIT_CONVERSION = YES;
				GCC_WARN_ABOUT_RETURN_TYPE = YES_ERROR;
				GCC_WARN_UNDECLARED_SELECTOR = YES;
				GCC_WARN_UNINITIALIZED_AUTOS = YES_AGGRESSIVE;
				GCC_WARN_UNUSED_FUNCTION = YES;
				GCC_WARN_UNUSED_VARIABLE = YES;
				IPHONEOS_DEPLOYMENT_TARGET = 16.1;
				MTL_ENABLE_DEBUG_INFO = NO;
				MTL_FAST_MATH = YES;
				SDKROOT = iphoneos;
				SWIFT_COMPILATION_MODE = wholemodule;
				SWIFT_OPTIMIZATION_LEVEL = "-O";
				VALIDATE_PRODUCT = YES;
			};
			name = Release;
		};
		FA60C9FE2989C915007866C0 /* Debug */ = {
			isa = XCBuildConfiguration;
			buildSettings = {
				ASSETCATALOG_COMPILER_APPICON_NAME = AppIcon;
				ASSETCATALOG_COMPILER_GLOBAL_ACCENT_COLOR_NAME = AccentColor;
				CODE_SIGN_STYLE = Automatic;
				CURRENT_PROJECT_VERSION = 1;
				DEVELOPMENT_ASSET_PATHS = "\"AllNote/Preview Content\"";
				DEVELOPMENT_TEAM = 488D86WNW2;
				ENABLE_PREVIEWS = YES;
				GENERATE_INFOPLIST_FILE = YES;
				INFOPLIST_KEY_UIApplicationSceneManifest_Generation = YES;
				INFOPLIST_KEY_UIApplicationSupportsIndirectInputEvents = YES;
				INFOPLIST_KEY_UILaunchScreen_Generation = YES;
				INFOPLIST_KEY_UISupportedInterfaceOrientations_iPad = "UIInterfaceOrientationPortrait UIInterfaceOrientationPortraitUpsideDown UIInterfaceOrientationLandscapeLeft UIInterfaceOrientationLandscapeRight";
				INFOPLIST_KEY_UISupportedInterfaceOrientations_iPhone = "UIInterfaceOrientationPortrait UIInterfaceOrientationLandscapeLeft UIInterfaceOrientationLandscapeRight";
				LD_RUNPATH_SEARCH_PATHS = (
					"$(inherited)",
					"@executable_path/Frameworks",
				);
				MARKETING_VERSION = 1.0;
				PRODUCT_BUNDLE_IDENTIFIER = Bradlee.King.AllNote;
				PRODUCT_NAME = "$(TARGET_NAME)";
				SWIFT_EMIT_LOC_STRINGS = YES;
				SWIFT_VERSION = 5.0;
				TARGETED_DEVICE_FAMILY = "1,2";
			};
			name = Debug;
		};
		FA60C9FF2989C915007866C0 /* Release */ = {
			isa = XCBuildConfiguration;
			buildSettings = {
				ASSETCATALOG_COMPILER_APPICON_NAME = AppIcon;
				ASSETCATALOG_COMPILER_GLOBAL_ACCENT_COLOR_NAME = AccentColor;
				CODE_SIGN_STYLE = Automatic;
				CURRENT_PROJECT_VERSION = 1;
				DEVELOPMENT_ASSET_PATHS = "\"AllNote/Preview Content\"";
				DEVELOPMENT_TEAM = 488D86WNW2;
				ENABLE_PREVIEWS = YES;
				GENERATE_INFOPLIST_FILE = YES;
				INFOPLIST_KEY_UIApplicationSceneManifest_Generation = YES;
				INFOPLIST_KEY_UIApplicationSupportsIndirectInputEvents = YES;
				INFOPLIST_KEY_UILaunchScreen_Generation = YES;
				INFOPLIST_KEY_UISupportedInterfaceOrientations_iPad = "UIInterfaceOrientationPortrait UIInterfaceOrientationPortraitUpsideDown UIInterfaceOrientationLandscapeLeft UIInterfaceOrientationLandscapeRight";
				INFOPLIST_KEY_UISupportedInterfaceOrientations_iPhone = "UIInterfaceOrientationPortrait UIInterfaceOrientationLandscapeLeft UIInterfaceOrientationLandscapeRight";
				LD_RUNPATH_SEARCH_PATHS = (
					"$(inherited)",
					"@executable_path/Frameworks",
				);
				MARKETING_VERSION = 1.0;
				PRODUCT_BUNDLE_IDENTIFIER = Bradlee.King.AllNote;
				PRODUCT_NAME = "$(TARGET_NAME)";
				SWIFT_EMIT_LOC_STRINGS = YES;
				SWIFT_VERSION = 5.0;
				TARGETED_DEVICE_FAMILY = "1,2";
			};
			name = Release;
		};
		FA60CA012989C915007866C0 /* Debug */ = {
			isa = XCBuildConfiguration;
			buildSettings = {
				ALWAYS_EMBED_SWIFT_STANDARD_LIBRARIES = YES;
				BUNDLE_LOADER = "$(TEST_HOST)";
				CODE_SIGN_STYLE = Automatic;
				CURRENT_PROJECT_VERSION = 1;
				DEVELOPMENT_TEAM = 488D86WNW2;
				GENERATE_INFOPLIST_FILE = YES;
				IPHONEOS_DEPLOYMENT_TARGET = 16.1;
				MARKETING_VERSION = 1.0;
				PRODUCT_BUNDLE_IDENTIFIER = Bradlee.King.AllNoteTests;
				PRODUCT_NAME = "$(TARGET_NAME)";
				SWIFT_EMIT_LOC_STRINGS = NO;
				SWIFT_VERSION = 5.0;
				TARGETED_DEVICE_FAMILY = "1,2";
				TEST_HOST = "$(BUILT_PRODUCTS_DIR)/AllNote.app/$(BUNDLE_EXECUTABLE_FOLDER_PATH)/AllNote";
			};
			name = Debug;
		};
		FA60CA022989C915007866C0 /* Release */ = {
			isa = XCBuildConfiguration;
			buildSettings = {
				ALWAYS_EMBED_SWIFT_STANDARD_LIBRARIES = YES;
				BUNDLE_LOADER = "$(TEST_HOST)";
				CODE_SIGN_STYLE = Automatic;
				CURRENT_PROJECT_VERSION = 1;
				DEVELOPMENT_TEAM = 488D86WNW2;
				GENERATE_INFOPLIST_FILE = YES;
				IPHONEOS_DEPLOYMENT_TARGET = 16.1;
				MARKETING_VERSION = 1.0;
				PRODUCT_BUNDLE_IDENTIFIER = Bradlee.King.AllNoteTests;
				PRODUCT_NAME = "$(TARGET_NAME)";
				SWIFT_EMIT_LOC_STRINGS = NO;
				SWIFT_VERSION = 5.0;
				TARGETED_DEVICE_FAMILY = "1,2";
				TEST_HOST = "$(BUILT_PRODUCTS_DIR)/AllNote.app/$(BUNDLE_EXECUTABLE_FOLDER_PATH)/AllNote";
			};
			name = Release;
		};
		FA60CA042989C915007866C0 /* Debug */ = {
			isa = XCBuildConfiguration;
			buildSettings = {
				ALWAYS_EMBED_SWIFT_STANDARD_LIBRARIES = YES;
				CODE_SIGN_STYLE = Automatic;
				CURRENT_PROJECT_VERSION = 1;
				DEVELOPMENT_TEAM = 488D86WNW2;
				GENERATE_INFOPLIST_FILE = YES;
				MARKETING_VERSION = 1.0;
				PRODUCT_BUNDLE_IDENTIFIER = Bradlee.King.AllNoteUITests;
				PRODUCT_NAME = "$(TARGET_NAME)";
				SWIFT_EMIT_LOC_STRINGS = NO;
				SWIFT_VERSION = 5.0;
				TARGETED_DEVICE_FAMILY = "1,2";
				TEST_TARGET_NAME = AllNote;
			};
			name = Debug;
		};
		FA60CA052989C915007866C0 /* Release */ = {
			isa = XCBuildConfiguration;
			buildSettings = {
				ALWAYS_EMBED_SWIFT_STANDARD_LIBRARIES = YES;
				CODE_SIGN_STYLE = Automatic;
				CURRENT_PROJECT_VERSION = 1;
				DEVELOPMENT_TEAM = 488D86WNW2;
				GENERATE_INFOPLIST_FILE = YES;
				MARKETING_VERSION = 1.0;
				PRODUCT_BUNDLE_IDENTIFIER = Bradlee.King.AllNoteUITests;
				PRODUCT_NAME = "$(TARGET_NAME)";
				SWIFT_EMIT_LOC_STRINGS = NO;
				SWIFT_VERSION = 5.0;
				TARGETED_DEVICE_FAMILY = "1,2";
				TEST_TARGET_NAME = AllNote;
			};
			name = Release;
		};
/* End XCBuildConfiguration section */

/* Begin XCConfigurationList section */
		FA60C9D42989C914007866C0 /* Build configuration list for PBXProject "AllNote" */ = {
			isa = XCConfigurationList;
			buildConfigurations = (
				FA60C9FB2989C915007866C0 /* Debug */,
				FA60C9FC2989C915007866C0 /* Release */,
			);
			defaultConfigurationIsVisible = 0;
			defaultConfigurationName = Release;
		};
		FA60C9FD2989C915007866C0 /* Build configuration list for PBXNativeTarget "AllNote" */ = {
			isa = XCConfigurationList;
			buildConfigurations = (
				FA60C9FE2989C915007866C0 /* Debug */,
				FA60C9FF2989C915007866C0 /* Release */,
			);
			defaultConfigurationIsVisible = 0;
			defaultConfigurationName = Release;
		};
		FA60CA002989C915007866C0 /* Build configuration list for PBXNativeTarget "AllNoteTests" */ = {
			isa = XCConfigurationList;
			buildConfigurations = (
				FA60CA012989C915007866C0 /* Debug */,
				FA60CA022989C915007866C0 /* Release */,
			);
			defaultConfigurationIsVisible = 0;
			defaultConfigurationName = Release;
		};
		FA60CA032989C915007866C0 /* Build configuration list for PBXNativeTarget "AllNoteUITests" */ = {
			isa = XCConfigurationList;
			buildConfigurations = (
				FA60CA042989C915007866C0 /* Debug */,
				FA60CA052989C915007866C0 /* Release */,
			);
			defaultConfigurationIsVisible = 0;
			defaultConfigurationName = Release;
		};
/* End XCConfigurationList section */

/* Begin XCRemoteSwiftPackageReference section */
		FA60CA112989D2C5007866C0 /* XCRemoteSwiftPackageReference "SQLite.swift" */ = {
			isa = XCRemoteSwiftPackageReference;
			repositoryURL = "https://github.com/stephencelis/SQLite.swift.git";
			requirement = {
				kind = upToNextMajorVersion;
				minimumVersion = 0.14.1;
			};
		};
/* End XCRemoteSwiftPackageReference section */

/* Begin XCSwiftPackageProductDependency section */
		FA60CA122989D2C5007866C0 /* SQLite */ = {
			isa = XCSwiftPackageProductDependency;
			package = FA60CA112989D2C5007866C0 /* XCRemoteSwiftPackageReference "SQLite.swift" */;
			productName = SQLite;
		};
/* End XCSwiftPackageProductDependency section */
	};
	rootObject = FA60C9D12989C914007866C0 /* Project object */;
}
